// !$*UTF8*$!
{
	archiveVersion = 1;
	classes = {
	};
	objectVersion = 55;
	objects = {

/* Begin PBXBuildFile section */
		055DA6C5287EA8D3000A8DEB /* MotionApp.swift in Sources */ = {isa = PBXBuildFile; fileRef = 055DA6C4287EA8D3000A8DEB /* MotionApp.swift */; };
		055DA6C7287EA8D3000A8DEB /* ContentView.swift in Sources */ = {isa = PBXBuildFile; fileRef = 055DA6C6287EA8D3000A8DEB /* ContentView.swift */; };
		055DA6C9287EA8D9000A8DEB /* Assets.xcassets in Resources */ = {isa = PBXBuildFile; fileRef = 055DA6C8287EA8D9000A8DEB /* Assets.xcassets */; };
		055DA6CC287EA8D9000A8DEB /* Preview Assets.xcassets in Resources */ = {isa = PBXBuildFile; fileRef = 055DA6CB287EA8D9000A8DEB /* Preview Assets.xcassets */; };
		055DA6D3287EAA7E000A8DEB /* MotionManager.swift in Sources */ = {isa = PBXBuildFile; fileRef = 055DA6D2287EAA7E000A8DEB /* MotionManager.swift */; };
		055DA6D5287EAAA3000A8DEB /* Particle.swift in Sources */ = {isa = PBXBuildFile; fileRef = 055DA6D4287EAAA2000A8DEB /* Particle.swift */; };
		055DA6D7287EAADA000A8DEB /* ParticleSystem.swift in Sources */ = {isa = PBXBuildFile; fileRef = 055DA6D6287EAADA000A8DEB /* ParticleSystem.swift */; };
/* End PBXBuildFile section */

/* Begin PBXFileReference section */
		055DA6C1287EA8D3000A8DEB /* Motion.app */ = {isa = PBXFileReference; explicitFileType = wrapper.application; includeInIndex = 0; path = Motion.app; sourceTree = BUILT_PRODUCTS_DIR; };
		055DA6C4287EA8D3000A8DEB /* MotionApp.swift */ = {isa = PBXFileReference; lastKnownFileType = sourcecode.swift; path = MotionApp.swift; sourceTree = "<group>"; };
		055DA6C6287EA8D3000A8DEB /* ContentView.swift */ = {isa = PBXFileReference; lastKnownFileType = sourcecode.swift; path = ContentView.swift; sourceTree = "<group>"; };
		055DA6C8287EA8D9000A8DEB /* Assets.xcassets */ = {isa = PBXFileReference; lastKnownFileType = folder.assetcatalog; path = Assets.xcassets; sourceTree = "<group>"; };
		055DA6CB287EA8D9000A8DEB /* Preview Assets.xcassets */ = {isa = PBXFileReference; lastKnownFileType = folder.assetcatalog; path = "Preview Assets.xcassets"; sourceTree = "<group>"; };
		055DA6D2287EAA7E000A8DEB /* MotionManager.swift */ = {isa = PBXFileReference; lastKnownFileType = sourcecode.swift; path = MotionManager.swift; sourceTree = "<group>"; };
		055DA6D4287EAAA2000A8DEB /* Particle.swift */ = {isa = PBXFileReference; lastKnownFileType = sourcecode.swift; path = Particle.swift; sourceTree = "<group>"; };
		055DA6D6287EAADA000A8DEB /* ParticleSystem.swift */ = {isa = PBXFileReference; lastKnownFileType = sourcecode.swift; path = ParticleSystem.swift; sourceTree = "<group>"; };
/* End PBXFileReference section */

/* Begin PBXFrameworksBuildPhase section */
		055DA6BE287EA8D3000A8DEB /* Frameworks */ = {
			isa = PBXFrameworksBuildPhase;
			buildActionMask = 2147483647;
			files = (
			);
			runOnlyForDeploymentPostprocessing = 0;
		};
/* End PBXFrameworksBuildPhase section */

/* Begin PBXGroup section */
		055DA6B8287EA8D3000A8DEB = {
			isa = PBXGroup;
			children = (
				055DA6C3287EA8D3000A8DEB /* Motion */,
				055DA6C2287EA8D3000A8DEB /* Products */,
			);
			sourceTree = "<group>";
		};
		055DA6C2287EA8D3000A8DEB /* Products */ = {
			isa = PBXGroup;
			children = (
				055DA6C1287EA8D3000A8DEB /* Motion.app */,
			);
			name = Products;
			sourceTree = "<group>";
		};
		055DA6C3287EA8D3000A8DEB /* Motion */ = {
			isa = PBXGroup;
			children = (
				055DA6C4287EA8D3000A8DEB /* MotionApp.swift */,
				055DA6C6287EA8D3000A8DEB /* ContentView.swift */,
				055DA6D2287EAA7E000A8DEB /* MotionManager.swift */,
				055DA6D4287EAAA2000A8DEB /* Particle.swift */,
				055DA6D6287EAADA000A8DEB /* ParticleSystem.swift */,
				055DA6C8287EA8D9000A8DEB /* Assets.xcassets */,
				055DA6CA287EA8D9000A8DEB /* Preview Content */,
			);
			path = Motion;
			sourceTree = "<group>";
		};
		055DA6CA287EA8D9000A8DEB /* Preview Content */ = {
			isa = PBXGroup;
			children = (
				055DA6CB287EA8D9000A8DEB /* Preview Assets.xcassets */,
			);
			path = "Preview Content";
			sourceTree = "<group>";
		};
/* End PBXGroup section */

/* Begin PBXNativeTarget section */
		055DA6C0287EA8D3000A8DEB /* Motion */ = {
			isa = PBXNativeTarget;
			buildConfigurationList = 055DA6CF287EA8D9000A8DEB /* Build configuration list for PBXNativeTarget "Motion" */;
			buildPhases = (
				055DA6BD287EA8D3000A8DEB /* Sources */,
				055DA6BE287EA8D3000A8DEB /* Frameworks */,
				055DA6BF287EA8D3000A8DEB /* Resources */,
			);
			buildRules = (
			);
			dependencies = (
			);
			name = Motion;
			productName = Motion;
			productReference = 055DA6C1287EA8D3000A8DEB /* Motion.app */;
			productType = "com.apple.product-type.application";
		};
/* End PBXNativeTarget section */

/* Begin PBXProject section */
		055DA6B9287EA8D3000A8DEB /* Project object */ = {
			isa = PBXProject;
			attributes = {
				BuildIndependentTargetsInParallel = 1;
				LastSwiftUpdateCheck = 1340;
				LastUpgradeCheck = 1340;
				TargetAttributes = {
					055DA6C0287EA8D3000A8DEB = {
						CreatedOnToolsVersion = 13.4.1;
					};
				};
			};
			buildConfigurationList = 055DA6BC287EA8D3000A8DEB /* Build configuration list for PBXProject "Motion" */;
			compatibilityVersion = "Xcode 13.0";
			developmentRegion = en;
			hasScannedForEncodings = 0;
			knownRegions = (
				en,
				Base,
			);
			mainGroup = 055DA6B8287EA8D3000A8DEB;
			productRefGroup = 055DA6C2287EA8D3000A8DEB /* Products */;
			projectDirPath = "";
			projectRoot = "";
			targets = (
				055DA6C0287EA8D3000A8DEB /* Motion */,
			);
		};
/* End PBXProject section */

/* Begin PBXResourcesBuildPhase section */
		055DA6BF287EA8D3000A8DEB /* Resources */ = {
			isa = PBXResourcesBuildPhase;
			buildActionMask = 2147483647;
			files = (
				055DA6CC287EA8D9000A8DEB /* Preview Assets.xcassets in Resources */,
				055DA6C9287EA8D9000A8DEB /* Assets.xcassets in Resources */,
			);
			runOnlyForDeploymentPostprocessing = 0;
		};
/* End PBXResourcesBuildPhase section */

/* Begin PBXSourcesBuildPhase section */
		055DA6BD287EA8D3000A8DEB /* Sources */ = {
			isa = PBXSourcesBuildPhase;
			buildActionMask = 2147483647;
			files = (
				055DA6C7287EA8D3000A8DEB /* ContentView.swift in Sources */,
				055DA6D7287EAADA000A8DEB /* ParticleSystem.swift in Sources */,
				055DA6D5287EAAA3000A8DEB /* Particle.swift in Sources */,
				055DA6D3287EAA7E000A8DEB /* MotionManager.swift in Sources */,
				055DA6C5287EA8D3000A8DEB /* MotionApp.swift in Sources */,
			);
			runOnlyForDeploymentPostprocessing = 0;
		};
/* End PBXSourcesBuildPhase section */

/* Begin XCBuildConfiguration section */
		055DA6CD287EA8D9000A8DEB /* Debug */ = {
			isa = XCBuildConfiguration;
			buildSettings = {
				ALWAYS_SEARCH_USER_PATHS = NO;
				CLANG_ANALYZER_NONNULL = YES;
				CLANG_ANALYZER_NUMBER_OBJECT_CONVERSION = YES_AGGRESSIVE;
				CLANG_CXX_LANGUAGE_STANDARD = "gnu++17";
				CLANG_ENABLE_MODULES = YES;
				CLANG_ENABLE_OBJC_ARC = YES;
				CLANG_ENABLE_OBJC_WEAK = YES;
				CLANG_WARN_BLOCK_CAPTURE_AUTORELEASING = YES;
				CLANG_WARN_BOOL_CONVERSION = YES;
				CLANG_WARN_COMMA = YES;
				CLANG_WARN_CONSTANT_CONVERSION = YES;
				CLANG_WARN_DEPRECATED_OBJC_IMPLEMENTATIONS = YES;
				CLANG_WARN_DIRECT_OBJC_ISA_USAGE = YES_ERROR;
				CLANG_WARN_DOCUMENTATION_COMMENTS = YES;
				CLANG_WARN_EMPTY_BODY = YES;
				CLANG_WARN_ENUM_CONVERSION = YES;
				CLANG_WARN_INFINITE_RECURSION = YES;
				CLANG_WARN_INT_CONVERSION = YES;
				CLANG_WARN_NON_LITERAL_NULL_CONVERSION = YES;
				CLANG_WARN_OBJC_IMPLICIT_RETAIN_SELF = YES;
				CLANG_WARN_OBJC_LITERAL_CONVERSION = YES;
				CLANG_WARN_OBJC_ROOT_CLASS = YES_ERROR;
				CLANG_WARN_QUOTED_INCLUDE_IN_FRAMEWORK_HEADER = YES;
				CLANG_WARN_RANGE_LOOP_ANALYSIS = YES;
				CLANG_WARN_STRICT_PROTOTYPES = YES;
				CLANG_WARN_SUSPICIOUS_MOVE = YES;
				CLANG_WARN_UNGUARDED_AVAILABILITY = YES_AGGRESSIVE;
				CLANG_WARN_UNREACHABLE_CODE = YES;
				CLANG_WARN__DUPLICATE_METHOD_MATCH = YES;
				COPY_PHASE_STRIP = NO;
				DEBUG_INFORMATION_FORMAT = dwarf;
				ENABLE_STRICT_OBJC_MSGSEND = YES;
				ENABLE_TESTABILITY = YES;
				GCC_C_LANGUAGE_STANDARD = gnu11;
				GCC_DYNAMIC_NO_PIC = NO;
				GCC_NO_COMMON_BLOCKS = YES;
				GCC_OPTIMIZATION_LEVEL = 0;
				GCC_PREPROCESSOR_DEFINITIONS = (
					"DEBUG=1",
					"$(inherited)",
				);
				GCC_WARN_64_TO_32_BIT_CONVERSION = YES;
				GCC_WARN_ABOUT_RETURN_TYPE = YES_ERROR;
				GCC_WARN_UNDECLARED_SELECTOR = YES;
				GCC_WARN_UNINITIALIZED_AUTOS = YES_AGGRESSIVE;
				GCC_WARN_UNUSED_FUNCTION = YES;
				GCC_WARN_UNUSED_VARIABLE = YES;
				IPHONEOS_DEPLOYMENT_TARGET = 15.5;
				MTL_ENABLE_DEBUG_INFO = INCLUDE_SOURCE;
				MTL_FAST_MATH = YES;
				ONLY_ACTIVE_ARCH = YES;
				SDKROOT = iphoneos;
				SWIFT_ACTIVE_COMPILATION_CONDITIONS = DEBUG;
				SWIFT_OPTIMIZATION_LEVEL = "-Onone";
			};
			name = Debug;
		};
		055DA6CE287EA8D9000A8DEB /* Release */ = {
			isa = XCBuildConfiguration;
			buildSettings = {
				ALWAYS_SEARCH_USER_PATHS = NO;
				CLANG_ANALYZER_NONNULL = YES;
				CLANG_ANALYZER_NUMBER_OBJECT_CONVERSION = YES_AGGRESSIVE;
				CLANG_CXX_LANGUAGE_STANDARD = "gnu++17";
				CLANG_ENABLE_MODULES = YES;
				CLANG_ENABLE_OBJC_ARC = YES;
				CLANG_ENABLE_OBJC_WEAK = YES;
				CLANG_WARN_BLOCK_CAPTURE_AUTORELEASING = YES;
				CLANG_WARN_BOOL_CONVERSION = YES;
				CLANG_WARN_COMMA = YES;
				CLANG_WARN_CONSTANT_CONVERSION = YES;
				CLANG_WARN_DEPRECATED_OBJC_IMPLEMENTATIONS = YES;
				CLANG_WARN_DIRECT_OBJC_ISA_USAGE = YES_ERROR;
				CLANG_WARN_DOCUMENTATION_COMMENTS = YES;
				CLANG_WARN_EMPTY_BODY = YES;
				CLANG_WARN_ENUM_CONVERSION = YES;
				CLANG_WARN_INFINITE_RECURSION = YES;
				CLANG_WARN_INT_CONVERSION = YES;
				CLANG_WARN_NON_LITERAL_NULL_CONVERSION = YES;
				CLANG_WARN_OBJC_IMPLICIT_RETAIN_SELF = YES;
				CLANG_WARN_OBJC_LITERAL_CONVERSION = YES;
				CLANG_WARN_OBJC_ROOT_CLASS = YES_ERROR;
				CLANG_WARN_QUOTED_INCLUDE_IN_FRAMEWORK_HEADER = YES;
				CLANG_WARN_RANGE_LOOP_ANALYSIS = YES;
				CLANG_WARN_STRICT_PROTOTYPES = YES;
				CLANG_WARN_SUSPICIOUS_MOVE = YES;
				CLANG_WARN_UNGUARDED_AVAILABILITY = YES_AGGRESSIVE;
				CLANG_WARN_UNREACHABLE_CODE = YES;
				CLANG_WARN__DUPLICATE_METHOD_MATCH = YES;
				COPY_PHASE_STRIP = NO;
				DEBUG_INFORMATION_FORMAT = "dwarf-with-dsym";
				ENABLE_NS_ASSERTIONS = NO;
				ENABLE_STRICT_OBJC_MSGSEND = YES;
				GCC_C_LANGUAGE_STANDARD = gnu11;
				GCC_NO_COMMON_BLOCKS = YES;
				GCC_WARN_64_TO_32_BIT_CONVERSION = YES;
				GCC_WARN_ABOUT_RETURN_TYPE = YES_ERROR;
				GCC_WARN_UNDECLARED_SELECTOR = YES;
				GCC_WARN_UNINITIALIZED_AUTOS = YES_AGGRESSIVE;
				GCC_WARN_UNUSED_FUNCTION = YES;
				GCC_WARN_UNUSED_VARIABLE = YES;
				IPHONEOS_DEPLOYMENT_TARGET = 15.5;
				MTL_ENABLE_DEBUG_INFO = NO;
				MTL_FAST_MATH = YES;
				SDKROOT = iphoneos;
				SWIFT_COMPILATION_MODE = wholemodule;
				SWIFT_OPTIMIZATION_LEVEL = "-O";
				VALIDATE_PRODUCT = YES;
			};
			name = Release;
		};
		055DA6D0287EA8D9000A8DEB /* Debug */ = {
			isa = XCBuildConfiguration;
			buildSettings = {
				ASSETCATALOG_COMPILER_APPICON_NAME = AppIcon;
				ASSETCATALOG_COMPILER_GLOBAL_ACCENT_COLOR_NAME = AccentColor;
				CODE_SIGN_STYLE = Automatic;
				CURRENT_PROJECT_VERSION = 1;
				DEVELOPMENT_ASSET_PATHS = "\"Motion/Preview Content\"";
				DEVELOPMENT_TEAM = D348HCR9GG;
				ENABLE_PREVIEWS = YES;
				GENERATE_INFOPLIST_FILE = YES;
				INFOPLIST_KEY_UIApplicationSceneManifest_Generation = YES;
				INFOPLIST_KEY_UIApplicationSupportsIndirectInputEvents = YES;
				INFOPLIST_KEY_UILaunchScreen_Generation = YES;
				INFOPLIST_KEY_UISupportedInterfaceOrientations_iPad = "UIInterfaceOrientationPortrait UIInterfaceOrientationPortraitUpsideDown UIInterfaceOrientationLandscapeLeft UIInterfaceOrientationLandscapeRight";
				INFOPLIST_KEY_UISupportedInterfaceOrientations_iPhone = "UIInterfaceOrientationPortrait UIInterfaceOrientationLandscapeLeft UIInterfaceOrientationLandscapeRight";
				LD_RUNPATH_SEARCH_PATHS = (
					"$(inherited)",
					"@executable_path/Frameworks",
				);
				MARKETING_VERSION = 1.0;
				PRODUCT_BUNDLE_IDENTIFIER = "Igor-Denisiuk.Motion";
				PRODUCT_NAME = "$(TARGET_NAME)";
				SWIFT_EMIT_LOC_STRINGS = YES;
				SWIFT_VERSION = 5.0;
				TARGETED_DEVICE_FAMILY = "1,2";
			};
			name = Debug;
		};
		055DA6D1287EA8D9000A8DEB /* Release */ = {
			isa = XCBuildConfiguration;
			buildSettings = {
				ASSETCATALOG_COMPILER_APPICON_NAME = AppIcon;
				ASSETCATALOG_COMPILER_GLOBAL_ACCENT_COLOR_NAME = AccentColor;
				CODE_SIGN_STYLE = Automatic;
				CURRENT_PROJECT_VERSION = 1;
				DEVELOPMENT_ASSET_PATHS = "\"Motion/Preview Content\"";
				DEVELOPMENT_TEAM = D348HCR9GG;
				ENABLE_PREVIEWS = YES;
				GENERATE_INFOPLIST_FILE = YES;
				INFOPLIST_KEY_UIApplicationSceneManifest_Generation = YES;
				INFOPLIST_KEY_UIApplicationSupportsIndirectInputEvents = YES;
				INFOPLIST_KEY_UILaunchScreen_Generation = YES;
				INFOPLIST_KEY_UISupportedInterfaceOrientations_iPad = "UIInterfaceOrientationPortrait UIInterfaceOrientationPortraitUpsideDown UIInterfaceOrientationLandscapeLeft UIInterfaceOrientationLandscapeRight";
				INFOPLIST_KEY_UISupportedInterfaceOrientations_iPhone = "UIInterfaceOrientationPortrait UIInterfaceOrientationLandscapeLeft UIInterfaceOrientationLandscapeRight";
				LD_RUNPATH_SEARCH_PATHS = (
					"$(inherited)",
					"@executable_path/Frameworks",
				);
				MARKETING_VERSION = 1.0;
				PRODUCT_BUNDLE_IDENTIFIER = "Igor-Denisiuk.Motion";
				PRODUCT_NAME = "$(TARGET_NAME)";
				SWIFT_EMIT_LOC_STRINGS = YES;
				SWIFT_VERSION = 5.0;
				TARGETED_DEVICE_FAMILY = "1,2";
			};
			name = Release;
		};
/* End XCBuildConfiguration section */

/* Begin XCConfigurationList section */
		055DA6BC287EA8D3000A8DEB /* Build configuration list for PBXProject "Motion" */ = {
			isa = XCConfigurationList;
			buildConfigurations = (
				055DA6CD287EA8D9000A8DEB /* Debug */,
				055DA6CE287EA8D9000A8DEB /* Release */,
			);
			defaultConfigurationIsVisible = 0;
			defaultConfigurationName = Release;
		};
		055DA6CF287EA8D9000A8DEB /* Build configuration list for PBXNativeTarget "Motion" */ = {
			isa = XCConfigurationList;
			buildConfigurations = (
				055DA6D0287EA8D9000A8DEB /* Debug */,
				055DA6D1287EA8D9000A8DEB /* Release */,
			);
			defaultConfigurationIsVisible = 0;
			defaultConfigurationName = Release;
		};
/* End XCConfigurationList section */
	};
	rootObject = 055DA6B9287EA8D3000A8DEB /* Project object */;
}
